
Microsoft Visual Studio Solution File, Format Version 12.00
# Visual Studio Version 16
VisualStudioVersion = 16.0.31729.503
MinimumVisualStudioVersion = 10.0.40219.1
Project("{FAE04EC0-301F-11D3-BF4B-00C04F79EFBC}") = "TIC_TAC_TOE", "TIC_TAC_TOE\TIC_TAC_TOE.csproj", "{7697CCC5-ED35-4FEC-8119-B24ECC5D8902}"
EndProject
Global
	GlobalSection(SolutionConfigurationPlatforms) = preSolution
		Debug|Any CPU = Debug|Any CPU
		Release|Any CPU = Release|Any CPU
	EndGlobalSection
	GlobalSection(ProjectConfigurationPlatforms) = postSolution
		{7697CCC5-ED35-4FEC-8119-B24ECC5D8902}.Debug|Any CPU.ActiveCfg = Debug|Any CPU
		{7697CCC5-ED35-4FEC-8119-B24ECC5D8902}.Debug|Any CPU.Build.0 = Debug|Any CPU
		{7697CCC5-ED35-4FEC-8119-B24ECC5D8902}.Release|Any CPU.ActiveCfg = Release|Any CPU
		{7697CCC5-ED35-4FEC-8119-B24ECC5D8902}.Release|Any CPU.Build.0 = Release|Any CPU
	EndGlobalSection
	GlobalSection(SolutionProperties) = preSolution
		HideSolutionNode = FALSE
	EndGlobalSection
	GlobalSection(ExtensibilityGlobals) = postSolution
		SolutionGuid = {30129A0C-4657-4BFE-9F5D-ECAA27598F34}
	EndGlobalSection
EndGlobal
